
Microsoft Visual Studio Solution File, Format Version 12.00
Project("{FAE04EC0-301F-11D3-BF4B-00C04F79EFBC}") = "GrpcService.Client.Wrapper", "GrpcService.Client.Wrapper\GrpcService.Client.Wrapper.csproj", "{057A6092-1927-4EBD-84DC-197C53D9A48F}"
EndProject
Global
	GlobalSection(SolutionConfigurationPlatforms) = preSolution
		Debug|Any CPU = Debug|Any CPU
		Release|Any CPU = Release|Any CPU
	EndGlobalSection
	GlobalSection(ProjectConfigurationPlatforms) = postSolution
		{057A6092-1927-4EBD-84DC-197C53D9A48F}.Debug|Any CPU.ActiveCfg = Debug|Any CPU
		{057A6092-1927-4EBD-84DC-197C53D9A48F}.Debug|Any CPU.Build.0 = Debug|Any CPU
		{057A6092-1927-4EBD-84DC-197C53D9A48F}.Release|Any CPU.ActiveCfg = Release|Any CPU
		{057A6092-1927-4EBD-84DC-197C53D9A48F}.Release|Any CPU.Build.0 = Release|Any CPU
	EndGlobalSection
EndGlobal
